
Microsoft Visual Studio Solution File, Format Version 12.00
# Visual Studio Version 17
VisualStudioVersion = 17.5.002.0
MinimumVisualStudioVersion = 10.0.40219.1
Project("{9A19103F-16F7-4668-BE54-9A1E7A4F7556}") = "BlazorApp", "BlazorApp.csproj", "{872BD8CB-8361-4443-A125-21F53B9C29EA}"
EndProject
Global
	GlobalSection(SolutionConfigurationPlatforms) = preSolution
		Debug|Any CPU = Debug|Any CPU
		Release|Any CPU = Release|Any CPU
	EndGlobalSection
	GlobalSection(ProjectConfigurationPlatforms) = postSolution
		{872BD8CB-8361-4443-A125-21F53B9C29EA}.Debug|Any CPU.ActiveCfg = Debug|Any CPU
		{872BD8CB-8361-4443-A125-21F53B9C29EA}.Debug|Any CPU.Build.0 = Debug|Any CPU
		{872BD8CB-8361-4443-A125-21F53B9C29EA}.Release|Any CPU.ActiveCfg = Release|Any CPU
		{872BD8CB-8361-4443-A125-21F53B9C29EA}.Release|Any CPU.Build.0 = Release|Any CPU
	EndGlobalSection
	GlobalSection(SolutionProperties) = preSolution
		HideSolutionNode = FALSE
	EndGlobalSection
	GlobalSection(ExtensibilityGlobals) = postSolution
		SolutionGuid = {3680C680-E2CB-4BA0-BFA0-810F0D9425CA}
	EndGlobalSection
EndGlobal
